
Microsoft Visual Studio Solution File, Format Version 12.00
# Visual Studio Version 17
VisualStudioVersion = 17.0.32014.148
MinimumVisualStudioVersion = 10.0.40219.1
Project("{2150E333-8FDC-42A3-9474-1A3956D46DE8}") = "Data", "Data", "{3540D30E-6F85-4604-B001-5F0DA7D44EA8}"
EndProject
Project("{2150E333-8FDC-42A3-9474-1A3956D46DE8}") = "Business", "Business", "{55F75FC7-8E75-4FB9-8576-57AF98459383}"
EndProject
Project("{2150E333-8FDC-42A3-9474-1A3956D46DE8}") = "Common", "Common", "{90950E7E-CA58-418A-8336-AA37C980CB53}"
EndProject
Project("{2150E333-8FDC-42A3-9474-1A3956D46DE8}") = "test", "test", "{F85EF51C-BFAE-48E1-ACA7-EC78BF02309C}"
EndProject
Project("{2150E333-8FDC-42A3-9474-1A3956D46DE8}") = "src", "src", "{8A0FE8A8-F3F4-4DB3-92C6-3E5983D14EA6}"
EndProject
Project("{2150E333-8FDC-42A3-9474-1A3956D46DE8}") = "Application", "Application", "{C28CA9B0-FEE1-4373-9627-EFE69480EA81}"
EndProject
Project("{2150E333-8FDC-42A3-9474-1A3956D46DE8}") = "Domain", "Domain", "{DB0D2B8D-B9D0-4033-A078-D3B9A66B1D07}"
EndProject
Project("{2150E333-8FDC-42A3-9474-1A3956D46DE8}") = "Infrastructure", "Infrastructure", "{C5F6078F-1918-4B14-8E59-27D4F41BDB64}"
EndProject
Project("{2150E333-8FDC-42A3-9474-1A3956D46DE8}") = "Presentation", "Presentation", "{F2B2BFB3-2944-433B-8030-48087A7B6083}"
EndProject
Project("{9A19103F-16F7-4668-BE54-9A1E7A4F7556}") = "MyLfc.Application.Tests", "test\MyLfc.Application.Tests\MyLfc.Application.Tests.csproj", "{AA044F6A-B44B-41EB-B8A4-181FA7E847E3}"
EndProject
Project("{9A19103F-16F7-4668-BE54-9A1E7A4F7556}") = "MyLfc.Application", "src\MyLfc.Application\MyLfc.Application.csproj", "{F611DA97-E97A-4449-9191-185FCCA5AC04}"
EndProject
Project("{9A19103F-16F7-4668-BE54-9A1E7A4F7556}") = "MyLfc.Domain", "src\MyLfc.Domain\MyLfc.Domain.csproj", "{72816434-212E-41B8-871A-AAB43B3972BE}"
EndProject
Project("{9A19103F-16F7-4668-BE54-9A1E7A4F7556}") = "MyLfc.Persistence", "src\MyLfc.Persistence\MyLfc.Persistence.csproj", "{AEC3F7E8-24FD-4263-B360-72273533AAED}"
EndProject
Project("{9A19103F-16F7-4668-BE54-9A1E7A4F7556}") = "MyLfc.Data.Common", "src\MyLfc.Data.Common\MyLfc.Data.Common.csproj", "{A29F3BE9-D887-43C0-BD9A-5CE8993A9F9C}"
EndProject
Project("{9A19103F-16F7-4668-BE54-9A1E7A4F7556}") = "MyLfc.Business.Services", "src\MyLfc.Business.Services\MyLfc.Business.Services.csproj", "{119D3666-ADB2-4F67-9107-1A8813785845}"
EndProject
Project("{9A19103F-16F7-4668-BE54-9A1E7A4F7556}") = "MyLfc.Business.Dto", "src\MyLfc.Business.DtoNext\MyLfc.Business.Dto.csproj", "{9CF769DD-2648-4921-A49E-7B35BEFD570E}"
EndProject
Project("{9A19103F-16F7-4668-BE54-9A1E7A4F7556}") = "MyLfc.Business.Contracts", "src\MyLfc.Business.Contracts\MyLfc.Business.Contracts.csproj", "{FA27C4E2-D510-44B6-BFA0-05DDFF31576F}"
EndProject
Project("{9A19103F-16F7-4668-BE54-9A1E7A4F7556}") = "MyLfc.Common.Web", "src\MyLfc.Common.Web\MyLfc.Common.Web.csproj", "{5EAF325F-09A2-448A-9BDD-54FE3FFD7FCE}"
EndProject
Project("{9A19103F-16F7-4668-BE54-9A1E7A4F7556}") = "MyLfc.Common.Mappings", "src\MyLfc.Common.Mappings\MyLfc.Common.Mappings.csproj", "{189A4A31-2AC9-479A-AB3E-E0CD306162B1}"
EndProject
Project("{9A19103F-16F7-4668-BE54-9A1E7A4F7556}") = "MyLfc.Common.Utilities", "src\MyLfc.Common.Utilities\MyLfc.Common.Utilities.csproj", "{FD3CFAC6-D557-4524-AA1D-3534763D6A6D}"
EndProject
Project("{9A19103F-16F7-4668-BE54-9A1E7A4F7556}") = "MigratorVnext", "src\MigratorVnext\MigratorVnext.csproj", "{5E374420-1F0A-442A-8558-FBBD6E9AAB08}"
EndProject
Project("{9A19103F-16F7-4668-BE54-9A1E7A4F7556}") = "MyLfc.Web.WebHost", "src\MyLfc.Web.WebHost\MyLfc.Web.WebHost.csproj", "{D31426CF-3C22-49F9-96F2-47B206D9BB4C}"
EndProject
Project("{9A19103F-16F7-4668-BE54-9A1E7A4F7556}") = "LinksMigrator", "src\LinksMigrator\LinksMigrator.csproj", "{654CB415-B911-44F5-B4C7-309FCD52C20B}"
EndProject
Project("{2150E333-8FDC-42A3-9474-1A3956D46DE8}") = "Solution Items", "Solution Items", "{479D689D-A3E9-4B69-8B89-EE9CE1B7BD90}"
	ProjectSection(SolutionItems) = preProject
		.editorconfig = .editorconfig
	EndProjectSection
EndProject
Global
	GlobalSection(SolutionConfigurationPlatforms) = preSolution
		Debug|Any CPU = Debug|Any CPU
		Debug|x64 = Debug|x64
		Debug|x86 = Debug|x86
		Release|Any CPU = Release|Any CPU
		Release|x64 = Release|x64
		Release|x86 = Release|x86
	EndGlobalSection
	GlobalSection(ProjectConfigurationPlatforms) = postSolution
		{AA044F6A-B44B-41EB-B8A4-181FA7E847E3}.Debug|Any CPU.ActiveCfg = Debug|Any CPU
		{AA044F6A-B44B-41EB-B8A4-181FA7E847E3}.Debug|Any CPU.Build.0 = Debug|Any CPU
		{AA044F6A-B44B-41EB-B8A4-181FA7E847E3}.Debug|x64.ActiveCfg = Debug|Any CPU
		{AA044F6A-B44B-41EB-B8A4-181FA7E847E3}.Debug|x64.Build.0 = Debug|Any CPU
		{AA044F6A-B44B-41EB-B8A4-181FA7E847E3}.Debug|x86.ActiveCfg = Debug|Any CPU
		{AA044F6A-B44B-41EB-B8A4-181FA7E847E3}.Debug|x86.Build.0 = Debug|Any CPU
		{AA044F6A-B44B-41EB-B8A4-181FA7E847E3}.Release|Any CPU.ActiveCfg = Release|Any CPU
		{AA044F6A-B44B-41EB-B8A4-181FA7E847E3}.Release|Any CPU.Build.0 = Release|Any CPU
		{AA044F6A-B44B-41EB-B8A4-181FA7E847E3}.Release|x64.ActiveCfg = Release|Any CPU
		{AA044F6A-B44B-41EB-B8A4-181FA7E847E3}.Release|x64.Build.0 = Release|Any CPU
		{AA044F6A-B44B-41EB-B8A4-181FA7E847E3}.Release|x86.ActiveCfg = Release|Any CPU
		{AA044F6A-B44B-41EB-B8A4-181FA7E847E3}.Release|x86.Build.0 = Release|Any CPU
		{F611DA97-E97A-4449-9191-185FCCA5AC04}.Debug|Any CPU.ActiveCfg = Debug|Any CPU
		{F611DA97-E97A-4449-9191-185FCCA5AC04}.Debug|Any CPU.Build.0 = Debug|Any CPU
		{F611DA97-E97A-4449-9191-185FCCA5AC04}.Debug|x64.ActiveCfg = Debug|Any CPU
		{F611DA97-E97A-4449-9191-185FCCA5AC04}.Debug|x64.Build.0 = Debug|Any CPU
		{F611DA97-E97A-4449-9191-185FCCA5AC04}.Debug|x86.ActiveCfg = Debug|Any CPU
		{F611DA97-E97A-4449-9191-185FCCA5AC04}.Debug|x86.Build.0 = Debug|Any CPU
		{F611DA97-E97A-4449-9191-185FCCA5AC04}.Release|Any CPU.ActiveCfg = Release|Any CPU
		{F611DA97-E97A-4449-9191-185FCCA5AC04}.Release|Any CPU.Build.0 = Release|Any CPU
		{F611DA97-E97A-4449-9191-185FCCA5AC04}.Release|x64.ActiveCfg = Release|Any CPU
		{F611DA97-E97A-4449-9191-185FCCA5AC04}.Release|x64.Build.0 = Release|Any CPU
		{F611DA97-E97A-4449-9191-185FCCA5AC04}.Release|x86.ActiveCfg = Release|Any CPU
		{F611DA97-E97A-4449-9191-185FCCA5AC04}.Release|x86.Build.0 = Release|Any CPU
		{72816434-212E-41B8-871A-AAB43B3972BE}.Debug|Any CPU.ActiveCfg = Debug|Any CPU
		{72816434-212E-41B8-871A-AAB43B3972BE}.Debug|Any CPU.Build.0 = Debug|Any CPU
		{72816434-212E-41B8-871A-AAB43B3972BE}.Debug|x64.ActiveCfg = Debug|Any CPU
		{72816434-212E-41B8-871A-AAB43B3972BE}.Debug|x64.Build.0 = Debug|Any CPU
		{72816434-212E-41B8-871A-AAB43B3972BE}.Debug|x86.ActiveCfg = Debug|Any CPU
		{72816434-212E-41B8-871A-AAB43B3972BE}.Debug|x86.Build.0 = Debug|Any CPU
		{72816434-212E-41B8-871A-AAB43B3972BE}.Release|Any CPU.ActiveCfg = Release|Any CPU
		{72816434-212E-41B8-871A-AAB43B3972BE}.Release|Any CPU.Build.0 = Release|Any CPU
		{72816434-212E-41B8-871A-AAB43B3972BE}.Release|x64.ActiveCfg = Release|Any CPU
		{72816434-212E-41B8-871A-AAB43B3972BE}.Release|x64.Build.0 = Release|Any CPU
		{72816434-212E-41B8-871A-AAB43B3972BE}.Release|x86.ActiveCfg = Release|Any CPU
		{72816434-212E-41B8-871A-AAB43B3972BE}.Release|x86.Build.0 = Release|Any CPU
		{AEC3F7E8-24FD-4263-B360-72273533AAED}.Debug|Any CPU.ActiveCfg = Debug|Any CPU
		{AEC3F7E8-24FD-4263-B360-72273533AAED}.Debug|Any CPU.Build.0 = Debug|Any CPU
		{AEC3F7E8-24FD-4263-B360-72273533AAED}.Debug|x64.ActiveCfg = Debug|Any CPU
		{AEC3F7E8-24FD-4263-B360-72273533AAED}.Debug|x64.Build.0 = Debug|Any CPU
		{AEC3F7E8-24FD-4263-B360-72273533AAED}.Debug|x86.ActiveCfg = Debug|Any CPU
		{AEC3F7E8-24FD-4263-B360-72273533AAED}.Debug|x86.Build.0 = Debug|Any CPU
		{AEC3F7E8-24FD-4263-B360-72273533AAED}.Release|Any CPU.ActiveCfg = Release|Any CPU
		{AEC3F7E8-24FD-4263-B360-72273533AAED}.Release|Any CPU.Build.0 = Release|Any CPU
		{AEC3F7E8-24FD-4263-B360-72273533AAED}.Release|x64.ActiveCfg = Release|Any CPU
		{AEC3F7E8-24FD-4263-B360-72273533AAED}.Release|x64.Build.0 = Release|Any CPU
		{AEC3F7E8-24FD-4263-B360-72273533AAED}.Release|x86.ActiveCfg = Release|Any CPU
		{AEC3F7E8-24FD-4263-B360-72273533AAED}.Release|x86.Build.0 = Release|Any CPU
		{A29F3BE9-D887-43C0-BD9A-5CE8993A9F9C}.Debug|Any CPU.ActiveCfg = Debug|Any CPU
		{A29F3BE9-D887-43C0-BD9A-5CE8993A9F9C}.Debug|Any CPU.Build.0 = Debug|Any CPU
		{A29F3BE9-D887-43C0-BD9A-5CE8993A9F9C}.Debug|x64.ActiveCfg = Debug|Any CPU
		{A29F3BE9-D887-43C0-BD9A-5CE8993A9F9C}.Debug|x64.Build.0 = Debug|Any CPU
		{A29F3BE9-D887-43C0-BD9A-5CE8993A9F9C}.Debug|x86.ActiveCfg = Debug|Any CPU
		{A29F3BE9-D887-43C0-BD9A-5CE8993A9F9C}.Debug|x86.Build.0 = Debug|Any CPU
		{A29F3BE9-D887-43C0-BD9A-5CE8993A9F9C}.Release|Any CPU.ActiveCfg = Release|Any CPU
		{A29F3BE9-D887-43C0-BD9A-5CE8993A9F9C}.Release|Any CPU.Build.0 = Release|Any CPU
		{A29F3BE9-D887-43C0-BD9A-5CE8993A9F9C}.Release|x64.ActiveCfg = Release|Any CPU
		{A29F3BE9-D887-43C0-BD9A-5CE8993A9F9C}.Release|x64.Build.0 = Release|Any CPU
		{A29F3BE9-D887-43C0-BD9A-5CE8993A9F9C}.Release|x86.ActiveCfg = Release|Any CPU
		{A29F3BE9-D887-43C0-BD9A-5CE8993A9F9C}.Release|x86.Build.0 = Release|Any CPU
		{119D3666-ADB2-4F67-9107-1A8813785845}.Debug|Any CPU.ActiveCfg = Debug|Any CPU
		{119D3666-ADB2-4F67-9107-1A8813785845}.Debug|Any CPU.Build.0 = Debug|Any CPU
		{119D3666-ADB2-4F67-9107-1A8813785845}.Debug|x64.ActiveCfg = Debug|Any CPU
		{119D3666-ADB2-4F67-9107-1A8813785845}.Debug|x64.Build.0 = Debug|Any CPU
		{119D3666-ADB2-4F67-9107-1A8813785845}.Debug|x86.ActiveCfg = Debug|Any CPU
		{119D3666-ADB2-4F67-9107-1A8813785845}.Debug|x86.Build.0 = Debug|Any CPU
		{119D3666-ADB2-4F67-9107-1A8813785845}.Release|Any CPU.ActiveCfg = Release|Any CPU
		{119D3666-ADB2-4F67-9107-1A8813785845}.Release|Any CPU.Build.0 = Release|Any CPU
		{119D3666-ADB2-4F67-9107-1A8813785845}.Release|x64.ActiveCfg = Release|Any CPU
		{119D3666-ADB2-4F67-9107-1A8813785845}.Release|x64.Build.0 = Release|Any CPU
		{119D3666-ADB2-4F67-9107-1A8813785845}.Release|x86.ActiveCfg = Release|Any CPU
		{119D3666-ADB2-4F67-9107-1A8813785845}.Release|x86.Build.0 = Release|Any CPU
		{9CF769DD-2648-4921-A49E-7B35BEFD570E}.Debug|Any CPU.ActiveCfg = Debug|Any CPU
		{9CF769DD-2648-4921-A49E-7B35BEFD570E}.Debug|Any CPU.Build.0 = Debug|Any CPU
		{9CF769DD-2648-4921-A49E-7B35BEFD570E}.Debug|x64.ActiveCfg = Debug|Any CPU
		{9CF769DD-2648-4921-A49E-7B35BEFD570E}.Debug|x64.Build.0 = Debug|Any CPU
		{9CF769DD-2648-4921-A49E-7B35BEFD570E}.Debug|x86.ActiveCfg = Debug|Any CPU
		{9CF769DD-2648-4921-A49E-7B35BEFD570E}.Debug|x86.Build.0 = Debug|Any CPU
		{9CF769DD-2648-4921-A49E-7B35BEFD570E}.Release|Any CPU.ActiveCfg = Release|Any CPU
		{9CF769DD-2648-4921-A49E-7B35BEFD570E}.Release|Any CPU.Build.0 = Release|Any CPU
		{9CF769DD-2648-4921-A49E-7B35BEFD570E}.Release|x64.ActiveCfg = Release|Any CPU
		{9CF769DD-2648-4921-A49E-7B35BEFD570E}.Release|x64.Build.0 = Release|Any CPU
		{9CF769DD-2648-4921-A49E-7B35BEFD570E}.Release|x86.ActiveCfg = Release|Any CPU
		{9CF769DD-2648-4921-A49E-7B35BEFD570E}.Release|x86.Build.0 = Release|Any CPU
		{FA27C4E2-D510-44B6-BFA0-05DDFF31576F}.Debug|Any CPU.ActiveCfg = Debug|Any CPU
		{FA27C4E2-D510-44B6-BFA0-05DDFF31576F}.Debug|Any CPU.Build.0 = Debug|Any CPU
		{FA27C4E2-D510-44B6-BFA0-05DDFF31576F}.Debug|x64.ActiveCfg = Debug|Any CPU
		{FA27C4E2-D510-44B6-BFA0-05DDFF31576F}.Debug|x64.Build.0 = Debug|Any CPU
		{FA27C4E2-D510-44B6-BFA0-05DDFF31576F}.Debug|x86.ActiveCfg = Debug|Any CPU
		{FA27C4E2-D510-44B6-BFA0-05DDFF31576F}.Debug|x86.Build.0 = Debug|Any CPU
		{FA27C4E2-D510-44B6-BFA0-05DDFF31576F}.Release|Any CPU.ActiveCfg = Release|Any CPU
		{FA27C4E2-D510-44B6-BFA0-05DDFF31576F}.Release|Any CPU.Build.0 = Release|Any CPU
		{FA27C4E2-D510-44B6-BFA0-05DDFF31576F}.Release|x64.ActiveCfg = Release|Any CPU
		{FA27C4E2-D510-44B6-BFA0-05DDFF31576F}.Release|x64.Build.0 = Release|Any CPU
		{FA27C4E2-D510-44B6-BFA0-05DDFF31576F}.Release|x86.ActiveCfg = Release|Any CPU
		{FA27C4E2-D510-44B6-BFA0-05DDFF31576F}.Release|x86.Build.0 = Release|Any CPU
		{5EAF325F-09A2-448A-9BDD-54FE3FFD7FCE}.Debug|Any CPU.ActiveCfg = Debug|Any CPU
		{5EAF325F-09A2-448A-9BDD-54FE3FFD7FCE}.Debug|Any CPU.Build.0 = Debug|Any CPU
		{5EAF325F-09A2-448A-9BDD-54FE3FFD7FCE}.Debug|x64.ActiveCfg = Debug|Any CPU
		{5EAF325F-09A2-448A-9BDD-54FE3FFD7FCE}.Debug|x64.Build.0 = Debug|Any CPU
		{5EAF325F-09A2-448A-9BDD-54FE3FFD7FCE}.Debug|x86.ActiveCfg = Debug|Any CPU
		{5EAF325F-09A2-448A-9BDD-54FE3FFD7FCE}.Debug|x86.Build.0 = Debug|Any CPU
		{5EAF325F-09A2-448A-9BDD-54FE3FFD7FCE}.Release|Any CPU.ActiveCfg = Release|Any CPU
		{5EAF325F-09A2-448A-9BDD-54FE3FFD7FCE}.Release|Any CPU.Build.0 = Release|Any CPU
		{5EAF325F-09A2-448A-9BDD-54FE3FFD7FCE}.Release|x64.ActiveCfg = Release|Any CPU
		{5EAF325F-09A2-448A-9BDD-54FE3FFD7FCE}.Release|x64.Build.0 = Release|Any CPU
		{5EAF325F-09A2-448A-9BDD-54FE3FFD7FCE}.Release|x86.ActiveCfg = Release|Any CPU
		{5EAF325F-09A2-448A-9BDD-54FE3FFD7FCE}.Release|x86.Build.0 = Release|Any CPU
		{189A4A31-2AC9-479A-AB3E-E0CD306162B1}.Debug|Any CPU.ActiveCfg = Debug|Any CPU
		{189A4A31-2AC9-479A-AB3E-E0CD306162B1}.Debug|Any CPU.Build.0 = Debug|Any CPU
		{189A4A31-2AC9-479A-AB3E-E0CD306162B1}.Debug|x64.ActiveCfg = Debug|Any CPU
		{189A4A31-2AC9-479A-AB3E-E0CD306162B1}.Debug|x64.Build.0 = Debug|Any CPU
		{189A4A31-2AC9-479A-AB3E-E0CD306162B1}.Debug|x86.ActiveCfg = Debug|Any CPU
		{189A4A31-2AC9-479A-AB3E-E0CD306162B1}.Debug|x86.Build.0 = Debug|Any CPU
		{189A4A31-2AC9-479A-AB3E-E0CD306162B1}.Release|Any CPU.ActiveCfg = Release|Any CPU
		{189A4A31-2AC9-479A-AB3E-E0CD306162B1}.Release|Any CPU.Build.0 = Release|Any CPU
		{189A4A31-2AC9-479A-AB3E-E0CD306162B1}.Release|x64.ActiveCfg = Release|Any CPU
		{189A4A31-2AC9-479A-AB3E-E0CD306162B1}.Release|x64.Build.0 = Release|Any CPU
		{189A4A31-2AC9-479A-AB3E-E0CD306162B1}.Release|x86.ActiveCfg = Release|Any CPU
		{189A4A31-2AC9-479A-AB3E-E0CD306162B1}.Release|x86.Build.0 = Release|Any CPU
		{FD3CFAC6-D557-4524-AA1D-3534763D6A6D}.Debug|Any CPU.ActiveCfg = Debug|Any CPU
		{FD3CFAC6-D557-4524-AA1D-3534763D6A6D}.Debug|Any CPU.Build.0 = Debug|Any CPU
		{FD3CFAC6-D557-4524-AA1D-3534763D6A6D}.Debug|x64.ActiveCfg = Debug|Any CPU
		{FD3CFAC6-D557-4524-AA1D-3534763D6A6D}.Debug|x64.Build.0 = Debug|Any CPU
		{FD3CFAC6-D557-4524-AA1D-3534763D6A6D}.Debug|x86.ActiveCfg = Debug|Any CPU
		{FD3CFAC6-D557-4524-AA1D-3534763D6A6D}.Debug|x86.Build.0 = Debug|Any CPU
		{FD3CFAC6-D557-4524-AA1D-3534763D6A6D}.Release|Any CPU.ActiveCfg = Release|Any CPU
		{FD3CFAC6-D557-4524-AA1D-3534763D6A6D}.Release|Any CPU.Build.0 = Release|Any CPU
		{FD3CFAC6-D557-4524-AA1D-3534763D6A6D}.Release|x64.ActiveCfg = Release|Any CPU
		{FD3CFAC6-D557-4524-AA1D-3534763D6A6D}.Release|x64.Build.0 = Release|Any CPU
		{FD3CFAC6-D557-4524-AA1D-3534763D6A6D}.Release|x86.ActiveCfg = Release|Any CPU
		{FD3CFAC6-D557-4524-AA1D-3534763D6A6D}.Release|x86.Build.0 = Release|Any CPU
		{5E374420-1F0A-442A-8558-FBBD6E9AAB08}.Debug|Any CPU.ActiveCfg = Debug|Any CPU
		{5E374420-1F0A-442A-8558-FBBD6E9AAB08}.Debug|Any CPU.Build.0 = Debug|Any CPU
		{5E374420-1F0A-442A-8558-FBBD6E9AAB08}.Debug|x64.ActiveCfg = Debug|Any CPU
		{5E374420-1F0A-442A-8558-FBBD6E9AAB08}.Debug|x64.Build.0 = Debug|Any CPU
		{5E374420-1F0A-442A-8558-FBBD6E9AAB08}.Debug|x86.ActiveCfg = Debug|Any CPU
		{5E374420-1F0A-442A-8558-FBBD6E9AAB08}.Debug|x86.Build.0 = Debug|Any CPU
		{5E374420-1F0A-442A-8558-FBBD6E9AAB08}.Release|Any CPU.ActiveCfg = Release|Any CPU
		{5E374420-1F0A-442A-8558-FBBD6E9AAB08}.Release|Any CPU.Build.0 = Release|Any CPU
		{5E374420-1F0A-442A-8558-FBBD6E9AAB08}.Release|x64.ActiveCfg = Release|Any CPU
		{5E374420-1F0A-442A-8558-FBBD6E9AAB08}.Release|x64.Build.0 = Release|Any CPU
		{5E374420-1F0A-442A-8558-FBBD6E9AAB08}.Release|x86.ActiveCfg = Release|Any CPU
		{5E374420-1F0A-442A-8558-FBBD6E9AAB08}.Release|x86.Build.0 = Release|Any CPU
		{D31426CF-3C22-49F9-96F2-47B206D9BB4C}.Debug|Any CPU.ActiveCfg = Debug|Any CPU
		{D31426CF-3C22-49F9-96F2-47B206D9BB4C}.Debug|Any CPU.Build.0 = Debug|Any CPU
		{D31426CF-3C22-49F9-96F2-47B206D9BB4C}.Debug|x64.ActiveCfg = Debug|Any CPU
		{D31426CF-3C22-49F9-96F2-47B206D9BB4C}.Debug|x64.Build.0 = Debug|Any CPU
		{D31426CF-3C22-49F9-96F2-47B206D9BB4C}.Debug|x86.ActiveCfg = Debug|Any CPU
		{D31426CF-3C22-49F9-96F2-47B206D9BB4C}.Debug|x86.Build.0 = Debug|Any CPU
		{D31426CF-3C22-49F9-96F2-47B206D9BB4C}.Release|Any CPU.ActiveCfg = Release|Any CPU
		{D31426CF-3C22-49F9-96F2-47B206D9BB4C}.Release|Any CPU.Build.0 = Release|Any CPU
		{D31426CF-3C22-49F9-96F2-47B206D9BB4C}.Release|x64.ActiveCfg = Release|Any CPU
		{D31426CF-3C22-49F9-96F2-47B206D9BB4C}.Release|x64.Build.0 = Release|Any CPU
		{D31426CF-3C22-49F9-96F2-47B206D9BB4C}.Release|x86.ActiveCfg = Release|Any CPU
		{D31426CF-3C22-49F9-96F2-47B206D9BB4C}.Release|x86.Build.0 = Release|Any CPU
		{654CB415-B911-44F5-B4C7-309FCD52C20B}.Debug|Any CPU.ActiveCfg = Debug|Any CPU
		{654CB415-B911-44F5-B4C7-309FCD52C20B}.Debug|Any CPU.Build.0 = Debug|Any CPU
		{654CB415-B911-44F5-B4C7-309FCD52C20B}.Debug|x64.ActiveCfg = Debug|Any CPU
		{654CB415-B911-44F5-B4C7-309FCD52C20B}.Debug|x64.Build.0 = Debug|Any CPU
		{654CB415-B911-44F5-B4C7-309FCD52C20B}.Debug|x86.ActiveCfg = Debug|Any CPU
		{654CB415-B911-44F5-B4C7-309FCD52C20B}.Debug|x86.Build.0 = Debug|Any CPU
		{654CB415-B911-44F5-B4C7-309FCD52C20B}.Release|Any CPU.ActiveCfg = Release|Any CPU
		{654CB415-B911-44F5-B4C7-309FCD52C20B}.Release|Any CPU.Build.0 = Release|Any CPU
		{654CB415-B911-44F5-B4C7-309FCD52C20B}.Release|x64.ActiveCfg = Release|Any CPU
		{654CB415-B911-44F5-B4C7-309FCD52C20B}.Release|x64.Build.0 = Release|Any CPU
		{654CB415-B911-44F5-B4C7-309FCD52C20B}.Release|x86.ActiveCfg = Release|Any CPU
		{654CB415-B911-44F5-B4C7-309FCD52C20B}.Release|x86.Build.0 = Release|Any CPU
	EndGlobalSection
	GlobalSection(SolutionProperties) = preSolution
		HideSolutionNode = FALSE
	EndGlobalSection
	GlobalSection(NestedProjects) = preSolution
		{3540D30E-6F85-4604-B001-5F0DA7D44EA8} = {8A0FE8A8-F3F4-4DB3-92C6-3E5983D14EA6}
		{55F75FC7-8E75-4FB9-8576-57AF98459383} = {8A0FE8A8-F3F4-4DB3-92C6-3E5983D14EA6}
		{90950E7E-CA58-418A-8336-AA37C980CB53} = {8A0FE8A8-F3F4-4DB3-92C6-3E5983D14EA6}
		{C28CA9B0-FEE1-4373-9627-EFE69480EA81} = {8A0FE8A8-F3F4-4DB3-92C6-3E5983D14EA6}
		{DB0D2B8D-B9D0-4033-A078-D3B9A66B1D07} = {8A0FE8A8-F3F4-4DB3-92C6-3E5983D14EA6}
		{C5F6078F-1918-4B14-8E59-27D4F41BDB64} = {8A0FE8A8-F3F4-4DB3-92C6-3E5983D14EA6}
		{F2B2BFB3-2944-433B-8030-48087A7B6083} = {8A0FE8A8-F3F4-4DB3-92C6-3E5983D14EA6}
		{AA044F6A-B44B-41EB-B8A4-181FA7E847E3} = {F85EF51C-BFAE-48E1-ACA7-EC78BF02309C}
		{F611DA97-E97A-4449-9191-185FCCA5AC04} = {C28CA9B0-FEE1-4373-9627-EFE69480EA81}
		{72816434-212E-41B8-871A-AAB43B3972BE} = {DB0D2B8D-B9D0-4033-A078-D3B9A66B1D07}
		{AEC3F7E8-24FD-4263-B360-72273533AAED} = {C5F6078F-1918-4B14-8E59-27D4F41BDB64}
		{A29F3BE9-D887-43C0-BD9A-5CE8993A9F9C} = {3540D30E-6F85-4604-B001-5F0DA7D44EA8}
		{119D3666-ADB2-4F67-9107-1A8813785845} = {55F75FC7-8E75-4FB9-8576-57AF98459383}
		{9CF769DD-2648-4921-A49E-7B35BEFD570E} = {55F75FC7-8E75-4FB9-8576-57AF98459383}
		{FA27C4E2-D510-44B6-BFA0-05DDFF31576F} = {55F75FC7-8E75-4FB9-8576-57AF98459383}
		{5EAF325F-09A2-448A-9BDD-54FE3FFD7FCE} = {90950E7E-CA58-418A-8336-AA37C980CB53}
		{189A4A31-2AC9-479A-AB3E-E0CD306162B1} = {90950E7E-CA58-418A-8336-AA37C980CB53}
		{FD3CFAC6-D557-4524-AA1D-3534763D6A6D} = {90950E7E-CA58-418A-8336-AA37C980CB53}
		{5E374420-1F0A-442A-8558-FBBD6E9AAB08} = {F2B2BFB3-2944-433B-8030-48087A7B6083}
		{D31426CF-3C22-49F9-96F2-47B206D9BB4C} = {F2B2BFB3-2944-433B-8030-48087A7B6083}
		{654CB415-B911-44F5-B4C7-309FCD52C20B} = {F2B2BFB3-2944-433B-8030-48087A7B6083}
	EndGlobalSection
	GlobalSection(ExtensibilityGlobals) = postSolution
		SolutionGuid = {152652E9-97EC-4959-BED9-AF37B1472721}
	EndGlobalSection
EndGlobal
