
Microsoft Visual Studio Solution File, Format Version 12.00
# Visual Studio 14
VisualStudioVersion = 14.0.25420.1
MinimumVisualStudioVersion = 10.0.40219.1
Project("{FAE04EC0-301F-11D3-BF4B-00C04F79EFBC}") = "MyLiverpool.Web.UI", "MyLiverpool\MyLiverpool.Web.UI.csproj", "{0B38DD74-787D-4E5B-8DE3-7434D4311705}"
EndProject
Project("{2150E333-8FDC-42A3-9474-1A3956D46DE8}") = "Data", "Data", "{3540D30E-6F85-4604-B001-5F0DA7D44EA8}"
EndProject
Project("{FAE04EC0-301F-11D3-BF4B-00C04F79EFBC}") = "MyLiverpoolSite.Data.Entities", "Data\MyLiverpoolSite.Data.Entities\MyLiverpoolSite.Data.Entities.csproj", "{996C9442-54C1-4F0A-BC05-AD1C0E09E20B}"
EndProject
Project("{FAE04EC0-301F-11D3-BF4B-00C04F79EFBC}") = "MyLiverpoolSite.Data.DataAccessLayer", "Data\MyLiverpoolSite.Data.DataAccessLayer\MyLiverpoolSite.Data.DataAccessLayer.csproj", "{AC10A860-1C0E-4910-9E05-428D09F70981}"
EndProject
Project("{2150E333-8FDC-42A3-9474-1A3956D46DE8}") = "Business", "Business", "{55F75FC7-8E75-4FB9-8576-57AF98459383}"
EndProject
Project("{FAE04EC0-301F-11D3-BF4B-00C04F79EFBC}") = "MyLiverpoolSite.Business.Contracts", "Business\MyLiverpoolSite.Business.Contracts\MyLiverpoolSite.Business.Contracts.csproj", "{2B58260E-385F-4F42-ACD7-015FAA8CE4F0}"
EndProject
Project("{FAE04EC0-301F-11D3-BF4B-00C04F79EFBC}") = "MyLiverpoolSite.Business.Services", "Business\MyLiverpoolSite.Business.Services\MyLiverpoolSite.Business.Services.csproj", "{2FFFEE2F-50EE-4ECA-ADF4-49F0CD327A88}"
EndProject
Project("{2150E333-8FDC-42A3-9474-1A3956D46DE8}") = "Common", "Common", "{90950E7E-CA58-418A-8336-AA37C980CB53}"
EndProject
Project("{FAE04EC0-301F-11D3-BF4B-00C04F79EFBC}") = "MyLiverpoolSite.Common.Utilities", "Common\MyLiverpoolSite.Common.Utilities\MyLiverpoolSite.Common.Utilities.csproj", "{9170EED7-3E97-4D04-9213-ABD33A7D71F0}"
EndProject
Project("{FAE04EC0-301F-11D3-BF4B-00C04F79EFBC}") = "Migrator", "Migrator\Migrator.csproj", "{90AC141B-80ED-49FB-9411-9DDE85F8FCC4}"
EndProject
Project("{2150E333-8FDC-42A3-9474-1A3956D46DE8}") = "Web", "Web", "{3C163596-D169-47A3-BF70-D3B0135E1CDB}"
EndProject
Project("{FAE04EC0-301F-11D3-BF4B-00C04F79EFBC}") = "MyLiverpool.Web.WebApi", "WEB\MyLiverpool.Web.WebApi\MyLiverpool.Web.WebApi.csproj", "{80772E91-2354-40D3-8127-7C644BDF160F}"
EndProject
Project("{FAE04EC0-301F-11D3-BF4B-00C04F79EFBC}") = "MyLiverpool.Business.DTO", "Business\MyLiverpool.Business.DTO\MyLiverpool.Business.DTO.csproj", "{C70D0192-AB3E-471B-B0D1-081278BE19B8}"
EndProject
Project("{FAE04EC0-301F-11D3-BF4B-00C04F79EFBC}") = "MyLiverpool.Business.Resources", "Business\MyLiverpool.Business.Resources\MyLiverpool.Business.Resources.csproj", "{731B35BC-64F3-4766-84DA-3597EAE72191}"
EndProject
Project("{FAE04EC0-301F-11D3-BF4B-00C04F79EFBC}") = "MyLiverpool.Common.MapperConfigurations", "Common\MyLiverpool.Common.MapperConfigurations\MyLiverpool.Common.MapperConfigurations.csproj", "{4DC5F955-0DFD-40B0-9B3F-1771754C90CE}"
EndProject
Project("{2150E333-8FDC-42A3-9474-1A3956D46DE8}") = "Unit Tests", "Unit Tests", "{0FC3777E-D336-48DC-AA71-28EFFCC54997}"
EndProject
Project("{FAE04EC0-301F-11D3-BF4B-00C04F79EFBC}") = "MyLiverpoolSite.Business.Service.Tests", "UnitTests\MyLiverpoolSite.Business.Service.Tests\MyLiverpoolSite.Business.Service.Tests.csproj", "{F4C62055-468E-46CF-8479-CAA2D19E6648}"
EndProject
Project("{FAE04EC0-301F-11D3-BF4B-00C04F79EFBC}") = "MyLiverpool.Web.WebApi.Tests", "MyLiverpool.Web.WebApi.Tests\MyLiverpool.Web.WebApi.Tests.csproj", "{F4A9B3C2-61A1-4D9F-803E-38B94854829F}"
EndProject
Global
	GlobalSection(SolutionConfigurationPlatforms) = preSolution
		Debug|Any CPU = Debug|Any CPU
		Release|Any CPU = Release|Any CPU
		Somee|Any CPU = Somee|Any CPU
	EndGlobalSection
	GlobalSection(ProjectConfigurationPlatforms) = postSolution
		{0B38DD74-787D-4E5B-8DE3-7434D4311705}.Debug|Any CPU.ActiveCfg = Debug|Any CPU
		{0B38DD74-787D-4E5B-8DE3-7434D4311705}.Debug|Any CPU.Build.0 = Debug|Any CPU
		{0B38DD74-787D-4E5B-8DE3-7434D4311705}.Release|Any CPU.ActiveCfg = Release|Any CPU
		{0B38DD74-787D-4E5B-8DE3-7434D4311705}.Release|Any CPU.Build.0 = Release|Any CPU
		{0B38DD74-787D-4E5B-8DE3-7434D4311705}.Somee|Any CPU.ActiveCfg = Somee|Any CPU
		{0B38DD74-787D-4E5B-8DE3-7434D4311705}.Somee|Any CPU.Build.0 = Somee|Any CPU
		{996C9442-54C1-4F0A-BC05-AD1C0E09E20B}.Debug|Any CPU.ActiveCfg = Debug|Any CPU
		{996C9442-54C1-4F0A-BC05-AD1C0E09E20B}.Debug|Any CPU.Build.0 = Debug|Any CPU
		{996C9442-54C1-4F0A-BC05-AD1C0E09E20B}.Release|Any CPU.ActiveCfg = Release|Any CPU
		{996C9442-54C1-4F0A-BC05-AD1C0E09E20B}.Release|Any CPU.Build.0 = Release|Any CPU
		{996C9442-54C1-4F0A-BC05-AD1C0E09E20B}.Somee|Any CPU.ActiveCfg = Somee|Any CPU
		{996C9442-54C1-4F0A-BC05-AD1C0E09E20B}.Somee|Any CPU.Build.0 = Somee|Any CPU
		{AC10A860-1C0E-4910-9E05-428D09F70981}.Debug|Any CPU.ActiveCfg = Debug|Any CPU
		{AC10A860-1C0E-4910-9E05-428D09F70981}.Debug|Any CPU.Build.0 = Debug|Any CPU
		{AC10A860-1C0E-4910-9E05-428D09F70981}.Release|Any CPU.ActiveCfg = Release|Any CPU
		{AC10A860-1C0E-4910-9E05-428D09F70981}.Release|Any CPU.Build.0 = Release|Any CPU
		{AC10A860-1C0E-4910-9E05-428D09F70981}.Somee|Any CPU.ActiveCfg = Somee|Any CPU
		{AC10A860-1C0E-4910-9E05-428D09F70981}.Somee|Any CPU.Build.0 = Somee|Any CPU
		{2B58260E-385F-4F42-ACD7-015FAA8CE4F0}.Debug|Any CPU.ActiveCfg = Debug|Any CPU
		{2B58260E-385F-4F42-ACD7-015FAA8CE4F0}.Debug|Any CPU.Build.0 = Debug|Any CPU
		{2B58260E-385F-4F42-ACD7-015FAA8CE4F0}.Release|Any CPU.ActiveCfg = Release|Any CPU
		{2B58260E-385F-4F42-ACD7-015FAA8CE4F0}.Release|Any CPU.Build.0 = Release|Any CPU
		{2B58260E-385F-4F42-ACD7-015FAA8CE4F0}.Somee|Any CPU.ActiveCfg = Somee|Any CPU
		{2B58260E-385F-4F42-ACD7-015FAA8CE4F0}.Somee|Any CPU.Build.0 = Somee|Any CPU
		{2FFFEE2F-50EE-4ECA-ADF4-49F0CD327A88}.Debug|Any CPU.ActiveCfg = Debug|Any CPU
		{2FFFEE2F-50EE-4ECA-ADF4-49F0CD327A88}.Debug|Any CPU.Build.0 = Debug|Any CPU
		{2FFFEE2F-50EE-4ECA-ADF4-49F0CD327A88}.Release|Any CPU.ActiveCfg = Release|Any CPU
		{2FFFEE2F-50EE-4ECA-ADF4-49F0CD327A88}.Release|Any CPU.Build.0 = Release|Any CPU
		{2FFFEE2F-50EE-4ECA-ADF4-49F0CD327A88}.Somee|Any CPU.ActiveCfg = Somee|Any CPU
		{2FFFEE2F-50EE-4ECA-ADF4-49F0CD327A88}.Somee|Any CPU.Build.0 = Somee|Any CPU
		{9170EED7-3E97-4D04-9213-ABD33A7D71F0}.Debug|Any CPU.ActiveCfg = Debug|Any CPU
		{9170EED7-3E97-4D04-9213-ABD33A7D71F0}.Debug|Any CPU.Build.0 = Debug|Any CPU
		{9170EED7-3E97-4D04-9213-ABD33A7D71F0}.Release|Any CPU.ActiveCfg = Release|Any CPU
		{9170EED7-3E97-4D04-9213-ABD33A7D71F0}.Release|Any CPU.Build.0 = Release|Any CPU
		{9170EED7-3E97-4D04-9213-ABD33A7D71F0}.Somee|Any CPU.ActiveCfg = Somee|Any CPU
		{9170EED7-3E97-4D04-9213-ABD33A7D71F0}.Somee|Any CPU.Build.0 = Somee|Any CPU
		{90AC141B-80ED-49FB-9411-9DDE85F8FCC4}.Debug|Any CPU.ActiveCfg = Debug|Any CPU
		{90AC141B-80ED-49FB-9411-9DDE85F8FCC4}.Debug|Any CPU.Build.0 = Debug|Any CPU
		{90AC141B-80ED-49FB-9411-9DDE85F8FCC4}.Debug|Any CPU.Deploy.0 = Debug|Any CPU
		{90AC141B-80ED-49FB-9411-9DDE85F8FCC4}.Release|Any CPU.ActiveCfg = Release|Any CPU
		{90AC141B-80ED-49FB-9411-9DDE85F8FCC4}.Release|Any CPU.Build.0 = Release|Any CPU
		{90AC141B-80ED-49FB-9411-9DDE85F8FCC4}.Somee|Any CPU.ActiveCfg = Somee|Any CPU
		{90AC141B-80ED-49FB-9411-9DDE85F8FCC4}.Somee|Any CPU.Build.0 = Somee|Any CPU
		{80772E91-2354-40D3-8127-7C644BDF160F}.Debug|Any CPU.ActiveCfg = Debug|Any CPU
		{80772E91-2354-40D3-8127-7C644BDF160F}.Debug|Any CPU.Build.0 = Debug|Any CPU
		{80772E91-2354-40D3-8127-7C644BDF160F}.Release|Any CPU.ActiveCfg = Release|Any CPU
		{80772E91-2354-40D3-8127-7C644BDF160F}.Release|Any CPU.Build.0 = Release|Any CPU
		{80772E91-2354-40D3-8127-7C644BDF160F}.Somee|Any CPU.ActiveCfg = Release|Any CPU
		{80772E91-2354-40D3-8127-7C644BDF160F}.Somee|Any CPU.Build.0 = Release|Any CPU
		{C70D0192-AB3E-471B-B0D1-081278BE19B8}.Debug|Any CPU.ActiveCfg = Debug|Any CPU
		{C70D0192-AB3E-471B-B0D1-081278BE19B8}.Debug|Any CPU.Build.0 = Debug|Any CPU
		{C70D0192-AB3E-471B-B0D1-081278BE19B8}.Release|Any CPU.ActiveCfg = Release|Any CPU
		{C70D0192-AB3E-471B-B0D1-081278BE19B8}.Release|Any CPU.Build.0 = Release|Any CPU
		{C70D0192-AB3E-471B-B0D1-081278BE19B8}.Somee|Any CPU.ActiveCfg = Release|Any CPU
		{C70D0192-AB3E-471B-B0D1-081278BE19B8}.Somee|Any CPU.Build.0 = Release|Any CPU
		{731B35BC-64F3-4766-84DA-3597EAE72191}.Debug|Any CPU.ActiveCfg = Debug|Any CPU
		{731B35BC-64F3-4766-84DA-3597EAE72191}.Debug|Any CPU.Build.0 = Debug|Any CPU
		{731B35BC-64F3-4766-84DA-3597EAE72191}.Release|Any CPU.ActiveCfg = Release|Any CPU
		{731B35BC-64F3-4766-84DA-3597EAE72191}.Release|Any CPU.Build.0 = Release|Any CPU
		{731B35BC-64F3-4766-84DA-3597EAE72191}.Somee|Any CPU.ActiveCfg = Release|Any CPU
		{731B35BC-64F3-4766-84DA-3597EAE72191}.Somee|Any CPU.Build.0 = Release|Any CPU
		{4DC5F955-0DFD-40B0-9B3F-1771754C90CE}.Debug|Any CPU.ActiveCfg = Debug|Any CPU
		{4DC5F955-0DFD-40B0-9B3F-1771754C90CE}.Debug|Any CPU.Build.0 = Debug|Any CPU
		{4DC5F955-0DFD-40B0-9B3F-1771754C90CE}.Release|Any CPU.ActiveCfg = Release|Any CPU
		{4DC5F955-0DFD-40B0-9B3F-1771754C90CE}.Release|Any CPU.Build.0 = Release|Any CPU
		{4DC5F955-0DFD-40B0-9B3F-1771754C90CE}.Somee|Any CPU.ActiveCfg = Release|Any CPU
		{4DC5F955-0DFD-40B0-9B3F-1771754C90CE}.Somee|Any CPU.Build.0 = Release|Any CPU
		{F4C62055-468E-46CF-8479-CAA2D19E6648}.Debug|Any CPU.ActiveCfg = Debug|Any CPU
		{F4C62055-468E-46CF-8479-CAA2D19E6648}.Debug|Any CPU.Build.0 = Debug|Any CPU
		{F4C62055-468E-46CF-8479-CAA2D19E6648}.Release|Any CPU.ActiveCfg = Release|Any CPU
		{F4C62055-468E-46CF-8479-CAA2D19E6648}.Release|Any CPU.Build.0 = Release|Any CPU
		{F4C62055-468E-46CF-8479-CAA2D19E6648}.Somee|Any CPU.ActiveCfg = Release|Any CPU
		{F4C62055-468E-46CF-8479-CAA2D19E6648}.Somee|Any CPU.Build.0 = Release|Any CPU
		{F4A9B3C2-61A1-4D9F-803E-38B94854829F}.Debug|Any CPU.ActiveCfg = Debug|Any CPU
		{F4A9B3C2-61A1-4D9F-803E-38B94854829F}.Debug|Any CPU.Build.0 = Debug|Any CPU
		{F4A9B3C2-61A1-4D9F-803E-38B94854829F}.Release|Any CPU.ActiveCfg = Release|Any CPU
		{F4A9B3C2-61A1-4D9F-803E-38B94854829F}.Release|Any CPU.Build.0 = Release|Any CPU
		{F4A9B3C2-61A1-4D9F-803E-38B94854829F}.Somee|Any CPU.ActiveCfg = Release|Any CPU
		{F4A9B3C2-61A1-4D9F-803E-38B94854829F}.Somee|Any CPU.Build.0 = Release|Any CPU
	EndGlobalSection
	GlobalSection(SolutionProperties) = preSolution
		HideSolutionNode = FALSE
	EndGlobalSection
	GlobalSection(NestedProjects) = preSolution
		{996C9442-54C1-4F0A-BC05-AD1C0E09E20B} = {3540D30E-6F85-4604-B001-5F0DA7D44EA8}
		{AC10A860-1C0E-4910-9E05-428D09F70981} = {3540D30E-6F85-4604-B001-5F0DA7D44EA8}
		{2B58260E-385F-4F42-ACD7-015FAA8CE4F0} = {55F75FC7-8E75-4FB9-8576-57AF98459383}
		{2FFFEE2F-50EE-4ECA-ADF4-49F0CD327A88} = {55F75FC7-8E75-4FB9-8576-57AF98459383}
		{9170EED7-3E97-4D04-9213-ABD33A7D71F0} = {90950E7E-CA58-418A-8336-AA37C980CB53}
		{80772E91-2354-40D3-8127-7C644BDF160F} = {3C163596-D169-47A3-BF70-D3B0135E1CDB}
		{C70D0192-AB3E-471B-B0D1-081278BE19B8} = {55F75FC7-8E75-4FB9-8576-57AF98459383}
		{731B35BC-64F3-4766-84DA-3597EAE72191} = {55F75FC7-8E75-4FB9-8576-57AF98459383}
		{4DC5F955-0DFD-40B0-9B3F-1771754C90CE} = {90950E7E-CA58-418A-8336-AA37C980CB53}
		{F4C62055-468E-46CF-8479-CAA2D19E6648} = {0FC3777E-D336-48DC-AA71-28EFFCC54997}
		{F4A9B3C2-61A1-4D9F-803E-38B94854829F} = {0FC3777E-D336-48DC-AA71-28EFFCC54997}
	EndGlobalSection
EndGlobal
