
Microsoft Visual Studio Solution File, Format Version 12.00
# Visual Studio 14
VisualStudioVersion = 14.0.24720.0
MinimumVisualStudioVersion = 10.0.40219.1
Project("{FAE04EC0-301F-11D3-BF4B-00C04F79EFBC}") = "MyLiverpool.Web.UI", "MyLiverpool\MyLiverpool.Web.UI.csproj", "{0B38DD74-787D-4E5B-8DE3-7434D4311705}"
EndProject
Project("{2150E333-8FDC-42A3-9474-1A3956D46DE8}") = "Data", "Data", "{3540D30E-6F85-4604-B001-5F0DA7D44EA8}"
EndProject
Project("{FAE04EC0-301F-11D3-BF4B-00C04F79EFBC}") = "MyLiverpoolSite.Data.Entities", "Data\MyLiverpoolSite.Data.Entities\MyLiverpoolSite.Data.Entities.csproj", "{996C9442-54C1-4F0A-BC05-AD1C0E09E20B}"
EndProject
Project("{FAE04EC0-301F-11D3-BF4B-00C04F79EFBC}") = "MyLiverpoolSite.Data.DataAccessLayer", "Data\MyLiverpoolSite.Data.DataAccessLayer\MyLiverpoolSite.Data.DataAccessLayer.csproj", "{AC10A860-1C0E-4910-9E05-428D09F70981}"
EndProject
Project("{2150E333-8FDC-42A3-9474-1A3956D46DE8}") = "Business", "Business", "{55F75FC7-8E75-4FB9-8576-57AF98459383}"
EndProject
Project("{FAE04EC0-301F-11D3-BF4B-00C04F79EFBC}") = "MyLiverpoolSite.Business.Contracts", "Business\MyLiverpoolSite.Business.Contracts\MyLiverpoolSite.Business.Contracts.csproj", "{2B58260E-385F-4F42-ACD7-015FAA8CE4F0}"
EndProject
Project("{FAE04EC0-301F-11D3-BF4B-00C04F79EFBC}") = "MyLiverpoolSite.Business.Services", "Business\MyLiverpoolSite.Business.Services\MyLiverpoolSite.Business.Services.csproj", "{2FFFEE2F-50EE-4ECA-ADF4-49F0CD327A88}"
EndProject
Project("{FAE04EC0-301F-11D3-BF4B-00C04F79EFBC}") = "MyLiverpoolSite.Business.ViewModels", "Business\MyLiverpoolSite.Business.ViewModels\MyLiverpoolSite.Business.ViewModels.csproj", "{D2412AAE-DA9A-4DA6-A0DC-E3AFBACAC734}"
EndProject
Project("{2150E333-8FDC-42A3-9474-1A3956D46DE8}") = "Common", "Common", "{90950E7E-CA58-418A-8336-AA37C980CB53}"
EndProject
Project("{FAE04EC0-301F-11D3-BF4B-00C04F79EFBC}") = "MyLiverpoolSite.Common.Utilities", "Common\MyLiverpoolSite.Common.Utilities\MyLiverpoolSite.Common.Utilities.csproj", "{9170EED7-3E97-4D04-9213-ABD33A7D71F0}"
EndProject
Project("{FAE04EC0-301F-11D3-BF4B-00C04F79EFBC}") = "Migrator", "Migrator\Migrator.csproj", "{90AC141B-80ED-49FB-9411-9DDE85F8FCC4}"
EndProject
Project("{FAE04EC0-301F-11D3-BF4B-00C04F79EFBC}") = "MyLiverpoolSite.Business.Managers", "Business\MyLiverpoolSite.Business.Managers\MyLiverpoolSite.Business.Managers.csproj", "{AF9A9541-0827-4809-91BA-3124B6DAAFFA}"
EndProject
Project("{2150E333-8FDC-42A3-9474-1A3956D46DE8}") = "Web", "Web", "{3C163596-D169-47A3-BF70-D3B0135E1CDB}"
EndProject
Project("{FAE04EC0-301F-11D3-BF4B-00C04F79EFBC}") = "MvcAngular", "WEB\MvcAngular\MvcAngular\MvcAngular.csproj", "{FF5FCC7E-9FE1-44C3-9663-B51049104A5B}"
EndProject
Project("{FAE04EC0-301F-11D3-BF4B-00C04F79EFBC}") = "MyLiverpool.Web.WebApi", "WEB\MyLiverpool.Web.WebApi\MyLiverpool.Web.WebApi.csproj", "{80772E91-2354-40D3-8127-7C644BDF160F}"
EndProject
Project("{FAE04EC0-301F-11D3-BF4B-00C04F79EFBC}") = "MyLiverpool.Business.DTO", "Business\MyLiverpool.Business.DTO\MyLiverpool.Business.DTO.csproj", "{C70D0192-AB3E-471B-B0D1-081278BE19B8}"
EndProject
Global
	GlobalSection(SolutionConfigurationPlatforms) = preSolution
		Debug|Any CPU = Debug|Any CPU
		Release|Any CPU = Release|Any CPU
		Somee|Any CPU = Somee|Any CPU
	EndGlobalSection
	GlobalSection(ProjectConfigurationPlatforms) = postSolution
		{0B38DD74-787D-4E5B-8DE3-7434D4311705}.Debug|Any CPU.ActiveCfg = Debug|Any CPU
		{0B38DD74-787D-4E5B-8DE3-7434D4311705}.Debug|Any CPU.Build.0 = Debug|Any CPU
		{0B38DD74-787D-4E5B-8DE3-7434D4311705}.Release|Any CPU.ActiveCfg = Release|Any CPU
		{0B38DD74-787D-4E5B-8DE3-7434D4311705}.Release|Any CPU.Build.0 = Release|Any CPU
		{0B38DD74-787D-4E5B-8DE3-7434D4311705}.Somee|Any CPU.ActiveCfg = Somee|Any CPU
		{0B38DD74-787D-4E5B-8DE3-7434D4311705}.Somee|Any CPU.Build.0 = Somee|Any CPU
		{996C9442-54C1-4F0A-BC05-AD1C0E09E20B}.Debug|Any CPU.ActiveCfg = Debug|Any CPU
		{996C9442-54C1-4F0A-BC05-AD1C0E09E20B}.Debug|Any CPU.Build.0 = Debug|Any CPU
		{996C9442-54C1-4F0A-BC05-AD1C0E09E20B}.Release|Any CPU.ActiveCfg = Release|Any CPU
		{996C9442-54C1-4F0A-BC05-AD1C0E09E20B}.Release|Any CPU.Build.0 = Release|Any CPU
		{996C9442-54C1-4F0A-BC05-AD1C0E09E20B}.Somee|Any CPU.ActiveCfg = Somee|Any CPU
		{996C9442-54C1-4F0A-BC05-AD1C0E09E20B}.Somee|Any CPU.Build.0 = Somee|Any CPU
		{AC10A860-1C0E-4910-9E05-428D09F70981}.Debug|Any CPU.ActiveCfg = Debug|Any CPU
		{AC10A860-1C0E-4910-9E05-428D09F70981}.Debug|Any CPU.Build.0 = Debug|Any CPU
		{AC10A860-1C0E-4910-9E05-428D09F70981}.Release|Any CPU.ActiveCfg = Release|Any CPU
		{AC10A860-1C0E-4910-9E05-428D09F70981}.Release|Any CPU.Build.0 = Release|Any CPU
		{AC10A860-1C0E-4910-9E05-428D09F70981}.Somee|Any CPU.ActiveCfg = Somee|Any CPU
		{AC10A860-1C0E-4910-9E05-428D09F70981}.Somee|Any CPU.Build.0 = Somee|Any CPU
		{2B58260E-385F-4F42-ACD7-015FAA8CE4F0}.Debug|Any CPU.ActiveCfg = Debug|Any CPU
		{2B58260E-385F-4F42-ACD7-015FAA8CE4F0}.Debug|Any CPU.Build.0 = Debug|Any CPU
		{2B58260E-385F-4F42-ACD7-015FAA8CE4F0}.Release|Any CPU.ActiveCfg = Release|Any CPU
		{2B58260E-385F-4F42-ACD7-015FAA8CE4F0}.Release|Any CPU.Build.0 = Release|Any CPU
		{2B58260E-385F-4F42-ACD7-015FAA8CE4F0}.Somee|Any CPU.ActiveCfg = Somee|Any CPU
		{2B58260E-385F-4F42-ACD7-015FAA8CE4F0}.Somee|Any CPU.Build.0 = Somee|Any CPU
		{2FFFEE2F-50EE-4ECA-ADF4-49F0CD327A88}.Debug|Any CPU.ActiveCfg = Debug|Any CPU
		{2FFFEE2F-50EE-4ECA-ADF4-49F0CD327A88}.Debug|Any CPU.Build.0 = Debug|Any CPU
		{2FFFEE2F-50EE-4ECA-ADF4-49F0CD327A88}.Release|Any CPU.ActiveCfg = Release|Any CPU
		{2FFFEE2F-50EE-4ECA-ADF4-49F0CD327A88}.Release|Any CPU.Build.0 = Release|Any CPU
		{2FFFEE2F-50EE-4ECA-ADF4-49F0CD327A88}.Somee|Any CPU.ActiveCfg = Somee|Any CPU
		{2FFFEE2F-50EE-4ECA-ADF4-49F0CD327A88}.Somee|Any CPU.Build.0 = Somee|Any CPU
		{D2412AAE-DA9A-4DA6-A0DC-E3AFBACAC734}.Debug|Any CPU.ActiveCfg = Debug|Any CPU
		{D2412AAE-DA9A-4DA6-A0DC-E3AFBACAC734}.Debug|Any CPU.Build.0 = Debug|Any CPU
		{D2412AAE-DA9A-4DA6-A0DC-E3AFBACAC734}.Release|Any CPU.ActiveCfg = Release|Any CPU
		{D2412AAE-DA9A-4DA6-A0DC-E3AFBACAC734}.Release|Any CPU.Build.0 = Release|Any CPU
		{D2412AAE-DA9A-4DA6-A0DC-E3AFBACAC734}.Somee|Any CPU.ActiveCfg = Somee|Any CPU
		{D2412AAE-DA9A-4DA6-A0DC-E3AFBACAC734}.Somee|Any CPU.Build.0 = Somee|Any CPU
		{9170EED7-3E97-4D04-9213-ABD33A7D71F0}.Debug|Any CPU.ActiveCfg = Debug|Any CPU
		{9170EED7-3E97-4D04-9213-ABD33A7D71F0}.Debug|Any CPU.Build.0 = Debug|Any CPU
		{9170EED7-3E97-4D04-9213-ABD33A7D71F0}.Release|Any CPU.ActiveCfg = Release|Any CPU
		{9170EED7-3E97-4D04-9213-ABD33A7D71F0}.Release|Any CPU.Build.0 = Release|Any CPU
		{9170EED7-3E97-4D04-9213-ABD33A7D71F0}.Somee|Any CPU.ActiveCfg = Somee|Any CPU
		{9170EED7-3E97-4D04-9213-ABD33A7D71F0}.Somee|Any CPU.Build.0 = Somee|Any CPU
		{90AC141B-80ED-49FB-9411-9DDE85F8FCC4}.Debug|Any CPU.ActiveCfg = Debug|Any CPU
		{90AC141B-80ED-49FB-9411-9DDE85F8FCC4}.Debug|Any CPU.Build.0 = Debug|Any CPU
		{90AC141B-80ED-49FB-9411-9DDE85F8FCC4}.Release|Any CPU.ActiveCfg = Release|Any CPU
		{90AC141B-80ED-49FB-9411-9DDE85F8FCC4}.Release|Any CPU.Build.0 = Release|Any CPU
		{90AC141B-80ED-49FB-9411-9DDE85F8FCC4}.Somee|Any CPU.ActiveCfg = Somee|Any CPU
		{90AC141B-80ED-49FB-9411-9DDE85F8FCC4}.Somee|Any CPU.Build.0 = Somee|Any CPU
		{AF9A9541-0827-4809-91BA-3124B6DAAFFA}.Debug|Any CPU.ActiveCfg = Debug|Any CPU
		{AF9A9541-0827-4809-91BA-3124B6DAAFFA}.Debug|Any CPU.Build.0 = Debug|Any CPU
		{AF9A9541-0827-4809-91BA-3124B6DAAFFA}.Release|Any CPU.ActiveCfg = Release|Any CPU
		{AF9A9541-0827-4809-91BA-3124B6DAAFFA}.Release|Any CPU.Build.0 = Release|Any CPU
		{AF9A9541-0827-4809-91BA-3124B6DAAFFA}.Somee|Any CPU.ActiveCfg = Release|Any CPU
		{FF5FCC7E-9FE1-44C3-9663-B51049104A5B}.Debug|Any CPU.ActiveCfg = Debug|Any CPU
		{FF5FCC7E-9FE1-44C3-9663-B51049104A5B}.Debug|Any CPU.Build.0 = Debug|Any CPU
		{FF5FCC7E-9FE1-44C3-9663-B51049104A5B}.Release|Any CPU.ActiveCfg = Release|Any CPU
		{FF5FCC7E-9FE1-44C3-9663-B51049104A5B}.Release|Any CPU.Build.0 = Release|Any CPU
		{FF5FCC7E-9FE1-44C3-9663-B51049104A5B}.Somee|Any CPU.ActiveCfg = Release|Any CPU
		{FF5FCC7E-9FE1-44C3-9663-B51049104A5B}.Somee|Any CPU.Build.0 = Release|Any CPU
		{80772E91-2354-40D3-8127-7C644BDF160F}.Debug|Any CPU.ActiveCfg = Debug|Any CPU
		{80772E91-2354-40D3-8127-7C644BDF160F}.Debug|Any CPU.Build.0 = Debug|Any CPU
		{80772E91-2354-40D3-8127-7C644BDF160F}.Release|Any CPU.ActiveCfg = Release|Any CPU
		{80772E91-2354-40D3-8127-7C644BDF160F}.Release|Any CPU.Build.0 = Release|Any CPU
		{80772E91-2354-40D3-8127-7C644BDF160F}.Somee|Any CPU.ActiveCfg = Release|Any CPU
		{80772E91-2354-40D3-8127-7C644BDF160F}.Somee|Any CPU.Build.0 = Release|Any CPU
		{C70D0192-AB3E-471B-B0D1-081278BE19B8}.Debug|Any CPU.ActiveCfg = Debug|Any CPU
		{C70D0192-AB3E-471B-B0D1-081278BE19B8}.Debug|Any CPU.Build.0 = Debug|Any CPU
		{C70D0192-AB3E-471B-B0D1-081278BE19B8}.Release|Any CPU.ActiveCfg = Release|Any CPU
		{C70D0192-AB3E-471B-B0D1-081278BE19B8}.Release|Any CPU.Build.0 = Release|Any CPU
		{C70D0192-AB3E-471B-B0D1-081278BE19B8}.Somee|Any CPU.ActiveCfg = Release|Any CPU
		{C70D0192-AB3E-471B-B0D1-081278BE19B8}.Somee|Any CPU.Build.0 = Release|Any CPU
	EndGlobalSection
	GlobalSection(SolutionProperties) = preSolution
		HideSolutionNode = FALSE
	EndGlobalSection
	GlobalSection(NestedProjects) = preSolution
		{996C9442-54C1-4F0A-BC05-AD1C0E09E20B} = {3540D30E-6F85-4604-B001-5F0DA7D44EA8}
		{AC10A860-1C0E-4910-9E05-428D09F70981} = {3540D30E-6F85-4604-B001-5F0DA7D44EA8}
		{2B58260E-385F-4F42-ACD7-015FAA8CE4F0} = {55F75FC7-8E75-4FB9-8576-57AF98459383}
		{2FFFEE2F-50EE-4ECA-ADF4-49F0CD327A88} = {55F75FC7-8E75-4FB9-8576-57AF98459383}
		{D2412AAE-DA9A-4DA6-A0DC-E3AFBACAC734} = {55F75FC7-8E75-4FB9-8576-57AF98459383}
		{9170EED7-3E97-4D04-9213-ABD33A7D71F0} = {90950E7E-CA58-418A-8336-AA37C980CB53}
		{AF9A9541-0827-4809-91BA-3124B6DAAFFA} = {55F75FC7-8E75-4FB9-8576-57AF98459383}
		{FF5FCC7E-9FE1-44C3-9663-B51049104A5B} = {3C163596-D169-47A3-BF70-D3B0135E1CDB}
		{80772E91-2354-40D3-8127-7C644BDF160F} = {3C163596-D169-47A3-BF70-D3B0135E1CDB}
		{C70D0192-AB3E-471B-B0D1-081278BE19B8} = {55F75FC7-8E75-4FB9-8576-57AF98459383}
	EndGlobalSection
EndGlobal
