
Microsoft Visual Studio Solution File, Format Version 12.00
# Visual Studio 14
VisualStudioVersion = 14.0.25420.1
MinimumVisualStudioVersion = 10.0.40219.1
Project("{2150E333-8FDC-42A3-9474-1A3956D46DE8}") = "Data", "Data", "{3540D30E-6F85-4604-B001-5F0DA7D44EA8}"
EndProject
Project("{2150E333-8FDC-42A3-9474-1A3956D46DE8}") = "Business", "Business", "{55F75FC7-8E75-4FB9-8576-57AF98459383}"
EndProject
Project("{2150E333-8FDC-42A3-9474-1A3956D46DE8}") = "Common", "Common", "{90950E7E-CA58-418A-8336-AA37C980CB53}"
EndProject
Project("{8BB2217D-0F2D-49D1-97BC-3654ED321F3B}") = "MyLiverpool.Web.WebApiNext", "MyLiverpool.Web.WebApiNext\MyLiverpool.Web.WebApiNext.xproj", "{FCD4FF2B-E67C-4183-8F9C-787B679A4716}"
EndProject
Project("{8BB2217D-0F2D-49D1-97BC-3654ED321F3B}") = "MyLiverpool.Data.Entities", "Data\MyLiverpool.Data.Entities\MyLiverpool.Data.Entities.xproj", "{A8708F8E-308E-42DC-93AC-620BBD773213}"
EndProject
Project("{8BB2217D-0F2D-49D1-97BC-3654ED321F3B}") = "MyLiverpool.Data.ResourceAccess", "Data\MyLiverpool.Data.ResourceAccess\MyLiverpool.Data.ResourceAccess.xproj", "{E9E4FC98-D355-44B8-A46A-6D9D39F6E015}"
EndProject
Project("{2150E333-8FDC-42A3-9474-1A3956D46DE8}") = "Solution Items", "Solution Items", "{310BF800-6EB0-471C-AF66-E42000ECCE17}"
	ProjectSection(SolutionItems) = preProject
		global.json = global.json
	EndProjectSection
EndProject
Project("{8BB2217D-0F2D-49D1-97BC-3654ED321F3B}") = "MyLiverpool.Business.Contracts", "Business\MyLiverpool.Business.Contracts\MyLiverpool.Business.Contracts.xproj", "{7D4AC6F5-EA6A-4028-ADAB-92B27FBEFA98}"
EndProject
Project("{8BB2217D-0F2D-49D1-97BC-3654ED321F3B}") = "MyLiverpool.Business.Services", "Business\MyLiverpool.Business.Services\MyLiverpool.Business.Services.xproj", "{AC59F8D6-C1DC-4AD7-BA17-6E52987C292D}"
EndProject
Project("{8BB2217D-0F2D-49D1-97BC-3654ED321F3B}") = "MyLiverpool.Business.DtoNext", "Business\MyLiverpool.Business.DtoNext\MyLiverpool.Business.DtoNext.xproj", "{9D8DEF35-81BD-4910-A547-E7B42F4BFC78}"
EndProject
Project("{8BB2217D-0F2D-49D1-97BC-3654ED321F3B}") = "MyLiverpool.Common.Utilities", "Common\MyLiverpool.Common.Utilities\MyLiverpool.Common.Utilities.xproj", "{18226F9A-097C-4386-9CFA-9AAA2F91783D}"
EndProject
Project("{8BB2217D-0F2D-49D1-97BC-3654ED321F3B}") = "MyLiverpool.Common.Mappings", "Common\MyLiverpool.Common.Mappings\MyLiverpool.Common.Mappings.xproj", "{A42F9528-375E-47D0-8CBF-1EC26D5F7AD0}"
EndProject
Project("{8BB2217D-0F2D-49D1-97BC-3654ED321F3B}") = "MigratorVnext", "MigratorVnext\MigratorVnext.xproj", "{97435543-0821-48F5-BA06-AA6D339883A3}"
EndProject
Global
	GlobalSection(SolutionConfigurationPlatforms) = preSolution
		Debug|Any CPU = Debug|Any CPU
		Release|Any CPU = Release|Any CPU
		Somee|Any CPU = Somee|Any CPU
	EndGlobalSection
	GlobalSection(ProjectConfigurationPlatforms) = postSolution
		{FCD4FF2B-E67C-4183-8F9C-787B679A4716}.Debug|Any CPU.ActiveCfg = Debug|Any CPU
		{FCD4FF2B-E67C-4183-8F9C-787B679A4716}.Debug|Any CPU.Build.0 = Debug|Any CPU
		{FCD4FF2B-E67C-4183-8F9C-787B679A4716}.Release|Any CPU.ActiveCfg = Release|Any CPU
		{FCD4FF2B-E67C-4183-8F9C-787B679A4716}.Release|Any CPU.Build.0 = Release|Any CPU
		{FCD4FF2B-E67C-4183-8F9C-787B679A4716}.Somee|Any CPU.ActiveCfg = Debug|Any CPU
		{FCD4FF2B-E67C-4183-8F9C-787B679A4716}.Somee|Any CPU.Build.0 = Debug|Any CPU
		{A8708F8E-308E-42DC-93AC-620BBD773213}.Debug|Any CPU.ActiveCfg = Debug|Any CPU
		{A8708F8E-308E-42DC-93AC-620BBD773213}.Debug|Any CPU.Build.0 = Debug|Any CPU
		{A8708F8E-308E-42DC-93AC-620BBD773213}.Release|Any CPU.ActiveCfg = Release|Any CPU
		{A8708F8E-308E-42DC-93AC-620BBD773213}.Release|Any CPU.Build.0 = Release|Any CPU
		{A8708F8E-308E-42DC-93AC-620BBD773213}.Somee|Any CPU.ActiveCfg = Debug|Any CPU
		{A8708F8E-308E-42DC-93AC-620BBD773213}.Somee|Any CPU.Build.0 = Debug|Any CPU
		{E9E4FC98-D355-44B8-A46A-6D9D39F6E015}.Debug|Any CPU.ActiveCfg = Debug|Any CPU
		{E9E4FC98-D355-44B8-A46A-6D9D39F6E015}.Debug|Any CPU.Build.0 = Debug|Any CPU
		{E9E4FC98-D355-44B8-A46A-6D9D39F6E015}.Release|Any CPU.ActiveCfg = Release|Any CPU
		{E9E4FC98-D355-44B8-A46A-6D9D39F6E015}.Release|Any CPU.Build.0 = Release|Any CPU
		{E9E4FC98-D355-44B8-A46A-6D9D39F6E015}.Somee|Any CPU.ActiveCfg = Debug|Any CPU
		{E9E4FC98-D355-44B8-A46A-6D9D39F6E015}.Somee|Any CPU.Build.0 = Debug|Any CPU
		{7D4AC6F5-EA6A-4028-ADAB-92B27FBEFA98}.Debug|Any CPU.ActiveCfg = Debug|Any CPU
		{7D4AC6F5-EA6A-4028-ADAB-92B27FBEFA98}.Debug|Any CPU.Build.0 = Debug|Any CPU
		{7D4AC6F5-EA6A-4028-ADAB-92B27FBEFA98}.Release|Any CPU.ActiveCfg = Release|Any CPU
		{7D4AC6F5-EA6A-4028-ADAB-92B27FBEFA98}.Release|Any CPU.Build.0 = Release|Any CPU
		{7D4AC6F5-EA6A-4028-ADAB-92B27FBEFA98}.Somee|Any CPU.ActiveCfg = Debug|Any CPU
		{7D4AC6F5-EA6A-4028-ADAB-92B27FBEFA98}.Somee|Any CPU.Build.0 = Debug|Any CPU
		{AC59F8D6-C1DC-4AD7-BA17-6E52987C292D}.Debug|Any CPU.ActiveCfg = Debug|Any CPU
		{AC59F8D6-C1DC-4AD7-BA17-6E52987C292D}.Debug|Any CPU.Build.0 = Debug|Any CPU
		{AC59F8D6-C1DC-4AD7-BA17-6E52987C292D}.Release|Any CPU.ActiveCfg = Release|Any CPU
		{AC59F8D6-C1DC-4AD7-BA17-6E52987C292D}.Release|Any CPU.Build.0 = Release|Any CPU
		{AC59F8D6-C1DC-4AD7-BA17-6E52987C292D}.Somee|Any CPU.ActiveCfg = Debug|Any CPU
		{AC59F8D6-C1DC-4AD7-BA17-6E52987C292D}.Somee|Any CPU.Build.0 = Debug|Any CPU
		{9D8DEF35-81BD-4910-A547-E7B42F4BFC78}.Debug|Any CPU.ActiveCfg = Debug|Any CPU
		{9D8DEF35-81BD-4910-A547-E7B42F4BFC78}.Debug|Any CPU.Build.0 = Debug|Any CPU
		{9D8DEF35-81BD-4910-A547-E7B42F4BFC78}.Release|Any CPU.ActiveCfg = Release|Any CPU
		{9D8DEF35-81BD-4910-A547-E7B42F4BFC78}.Release|Any CPU.Build.0 = Release|Any CPU
		{9D8DEF35-81BD-4910-A547-E7B42F4BFC78}.Somee|Any CPU.ActiveCfg = Debug|Any CPU
		{9D8DEF35-81BD-4910-A547-E7B42F4BFC78}.Somee|Any CPU.Build.0 = Debug|Any CPU
		{18226F9A-097C-4386-9CFA-9AAA2F91783D}.Debug|Any CPU.ActiveCfg = Debug|Any CPU
		{18226F9A-097C-4386-9CFA-9AAA2F91783D}.Debug|Any CPU.Build.0 = Debug|Any CPU
		{18226F9A-097C-4386-9CFA-9AAA2F91783D}.Release|Any CPU.ActiveCfg = Release|Any CPU
		{18226F9A-097C-4386-9CFA-9AAA2F91783D}.Release|Any CPU.Build.0 = Release|Any CPU
		{18226F9A-097C-4386-9CFA-9AAA2F91783D}.Somee|Any CPU.ActiveCfg = Debug|Any CPU
		{18226F9A-097C-4386-9CFA-9AAA2F91783D}.Somee|Any CPU.Build.0 = Debug|Any CPU
		{A42F9528-375E-47D0-8CBF-1EC26D5F7AD0}.Debug|Any CPU.ActiveCfg = Debug|Any CPU
		{A42F9528-375E-47D0-8CBF-1EC26D5F7AD0}.Debug|Any CPU.Build.0 = Debug|Any CPU
		{A42F9528-375E-47D0-8CBF-1EC26D5F7AD0}.Release|Any CPU.ActiveCfg = Release|Any CPU
		{A42F9528-375E-47D0-8CBF-1EC26D5F7AD0}.Release|Any CPU.Build.0 = Release|Any CPU
		{A42F9528-375E-47D0-8CBF-1EC26D5F7AD0}.Somee|Any CPU.ActiveCfg = Debug|Any CPU
		{A42F9528-375E-47D0-8CBF-1EC26D5F7AD0}.Somee|Any CPU.Build.0 = Debug|Any CPU
		{97435543-0821-48F5-BA06-AA6D339883A3}.Debug|Any CPU.ActiveCfg = Debug|Any CPU
		{97435543-0821-48F5-BA06-AA6D339883A3}.Debug|Any CPU.Build.0 = Debug|Any CPU
		{97435543-0821-48F5-BA06-AA6D339883A3}.Release|Any CPU.ActiveCfg = Release|Any CPU
		{97435543-0821-48F5-BA06-AA6D339883A3}.Release|Any CPU.Build.0 = Release|Any CPU
		{97435543-0821-48F5-BA06-AA6D339883A3}.Somee|Any CPU.ActiveCfg = Debug|Any CPU
		{97435543-0821-48F5-BA06-AA6D339883A3}.Somee|Any CPU.Build.0 = Debug|Any CPU
	EndGlobalSection
	GlobalSection(SolutionProperties) = preSolution
		HideSolutionNode = FALSE
	EndGlobalSection
	GlobalSection(NestedProjects) = preSolution
		{A8708F8E-308E-42DC-93AC-620BBD773213} = {3540D30E-6F85-4604-B001-5F0DA7D44EA8}
		{E9E4FC98-D355-44B8-A46A-6D9D39F6E015} = {3540D30E-6F85-4604-B001-5F0DA7D44EA8}
		{7D4AC6F5-EA6A-4028-ADAB-92B27FBEFA98} = {55F75FC7-8E75-4FB9-8576-57AF98459383}
		{AC59F8D6-C1DC-4AD7-BA17-6E52987C292D} = {55F75FC7-8E75-4FB9-8576-57AF98459383}
		{9D8DEF35-81BD-4910-A547-E7B42F4BFC78} = {55F75FC7-8E75-4FB9-8576-57AF98459383}
		{18226F9A-097C-4386-9CFA-9AAA2F91783D} = {90950E7E-CA58-418A-8336-AA37C980CB53}
		{A42F9528-375E-47D0-8CBF-1EC26D5F7AD0} = {90950E7E-CA58-418A-8336-AA37C980CB53}
	EndGlobalSection
EndGlobal
